
Microsoft Visual Studio Solution File, Format Version 12.00
# Visual Studio 15
VisualStudioVersion = 15.0.26730.16
MinimumVisualStudioVersion = 10.0.40219.1
Project("{FAE04EC0-301F-11D3-BF4B-00C04F79EFBC}") = "LogTime", "LogTime\LogTime.csproj", "{EFDD0485-C85B-4C88-B539-D5DEBEECA786}"
EndProject
Global
	GlobalSection(SolutionConfigurationPlatforms) = preSolution
		Debug|Any CPU = Debug|Any CPU
		Release|Any CPU = Release|Any CPU
	EndGlobalSection
	GlobalSection(ProjectConfigurationPlatforms) = postSolution
		{EFDD0485-C85B-4C88-B539-D5DEBEECA786}.Debug|Any CPU.ActiveCfg = Debug|Any CPU
		{EFDD0485-C85B-4C88-B539-D5DEBEECA786}.Debug|Any CPU.Build.0 = Debug|Any CPU
		{EFDD0485-C85B-4C88-B539-D5DEBEECA786}.Release|Any CPU.ActiveCfg = Release|Any CPU
		{EFDD0485-C85B-4C88-B539-D5DEBEECA786}.Release|Any CPU.Build.0 = Release|Any CPU
	EndGlobalSection
	GlobalSection(SolutionProperties) = preSolution
		HideSolutionNode = FALSE
	EndGlobalSection
	GlobalSection(ExtensibilityGlobals) = postSolution
		SolutionGuid = {54684C0E-4CC6-446E-A206-1F78C2CED3BC}
	EndGlobalSection
EndGlobal
